{
  "name": "test-typescript",
  "lockfileVersion": 3,
  "requires": true,
  "packages": {
    "": {
      "dependencies": {
        "electron-fetch": "^1.9.1",
        "fast-xml-parser": "^4.1.1",
        "xml2js": "^0.4.23",
        "xmldom-ts": "^0.3.1",
        "xpath-ts": "^1.3.13"
      },
      "devDependencies": {
        "@types/node": "^18.13.0",
        "@types/xml2js": "^0.4.11",
        "@types/xmldom": "^0.1.31"
      }
    },
    "node_modules/@types/node": {
      "version": "18.13.0",
      "resolved": "https://registry.npmjs.org/@types/node/-/node-18.13.0.tgz",
      "integrity": "sha512-gC3TazRzGoOnoKAhUx+Q0t8S9Tzs74z7m0ipwGpSqQrleP14hKxP4/JUeEQcD3W1/aIpnWl8pHowI7WokuZpXg==",
      "dev": true
    },
    "node_modules/@types/xml2js": {
      "version": "0.4.11",
      "resolved": "https://registry.npmjs.org/@types/xml2js/-/xml2js-0.4.11.tgz",
      "integrity": "sha512-JdigeAKmCyoJUiQljjr7tQG3if9NkqGUgwEUqBvV0N7LM4HyQk7UXCnusRa1lnvXAEYJ8mw8GtZWioagNztOwA==",
      "dev": true,
      "dependencies": {
        "@types/node": "*"
      }
    },
    "node_modules/@types/xmldom": {
      "version": "0.1.31",
      "resolved": "https://registry.npmjs.org/@types/xmldom/-/xmldom-0.1.31.tgz",
      "integrity": "sha512-bVy7s0nvaR5D1mT1a8ZkByHWNOGb6Vn4yi5TWhEdmyKlAG+08SA7Md6+jH+tYmMLueAwNeWvHHpeKrr6S4c4BA==",
      "dev": true
    },
    "node_modules/electron-fetch": {
      "version": "1.9.1",
      "resolved": "https://registry.npmjs.org/electron-fetch/-/electron-fetch-1.9.1.tgz",
      "integrity": "sha512-M9qw6oUILGVrcENMSRRefE1MbHPIz0h79EKIeJWK9v563aT9Qkh8aEHPO1H5vi970wPirNY+jO9OpFoLiMsMGA==",
      "dependencies": {
        "encoding": "^0.1.13"
      },
      "engines": {
        "node": ">=6"
      }
    },
    "node_modules/encoding": {
      "version": "0.1.13",
      "resolved": "https://registry.npmjs.org/encoding/-/encoding-0.1.13.tgz",
      "integrity": "sha512-ETBauow1T35Y/WZMkio9jiM0Z5xjHHmJ4XmjZOq1l/dXz3lr2sRn87nJy20RupqSh1F2m3HHPSp8ShIPQJrJ3A==",
      "dependencies": {
        "iconv-lite": "^0.6.2"
      }
    },
    "node_modules/fast-xml-parser": {
      "version": "4.1.1",
      "resolved": "https://registry.npmjs.org/fast-xml-parser/-/fast-xml-parser-4.1.1.tgz",
      "integrity": "sha512-4gAP5PvNyrqePBOIIcpaEeE+nKBry1n6qTQiJsE59sLP0OC+YwhU7/XVmLLEMexbiluFQX1yEYm82Pk9B7xEiw==",
      "dependencies": {
        "strnum": "^1.0.5"
      },
      "bin": {
        "fxparser": "src/cli/cli.js"
      },
      "funding": {
        "type": "paypal",
        "url": "https://paypal.me/naturalintelligence"
      }
    },
    "node_modules/iconv-lite": {
      "version": "0.6.3",
      "resolved": "https://registry.npmjs.org/iconv-lite/-/iconv-lite-0.6.3.tgz",
      "integrity": "sha512-4fCk79wshMdzMp2rH06qWrJE4iolqLhCUH+OiuIgU++RB0+94NlDL81atO7GX55uUKueo0txHNtvEyI6D7WdMw==",
      "dependencies": {
        "safer-buffer": ">= 2.1.2 < 3.0.0"
      },
      "engines": {
        "node": ">=0.10.0"
      }
    },
    "node_modules/safer-buffer": {
      "version": "2.1.2",
      "resolved": "https://registry.npmjs.org/safer-buffer/-/safer-buffer-2.1.2.tgz",
      "integrity": "sha512-YZo3K82SD7Riyi0E1EQPojLz7kpepnSQI9IyPbHHg1XXXevb5dJI7tpyN2ADxGcQbHG7vcyRHk0cbwqcQriUtg=="
    },
    "node_modules/sax": {
      "version": "1.2.4",
      "resolved": "https://registry.npmjs.org/sax/-/sax-1.2.4.tgz",
      "integrity": "sha512-NqVDv9TpANUjFm0N8uM5GxL36UgKi9/atZw+x7YFnQ8ckwFGKrl4xX4yWtrey3UJm5nP1kUbnYgLopqWNSRhWw=="
    },
    "node_modules/strnum": {
      "version": "1.0.5",
      "resolved": "https://registry.npmjs.org/strnum/-/strnum-1.0.5.tgz",
      "integrity": "sha512-J8bbNyKKXl5qYcR36TIO8W3mVGVHrmmxsd5PAItGkmyzwJvybiw2IVq5nqd0i4LSNSkB/sx9VHllbfFdr9k1JA=="
    },
    "node_modules/xml2js": {
      "version": "0.4.23",
      "resolved": "https://registry.npmjs.org/xml2js/-/xml2js-0.4.23.tgz",
      "integrity": "sha512-ySPiMjM0+pLDftHgXY4By0uswI3SPKLDw/i3UXbnO8M/p28zqexCUoPmQFrYD+/1BzhGJSs2i1ERWKJAtiLrug==",
      "dependencies": {
        "sax": ">=0.6.0",
        "xmlbuilder": "~11.0.0"
      },
      "engines": {
        "node": ">=4.0.0"
      }
    },
    "node_modules/xmlbuilder": {
      "version": "11.0.1",
      "resolved": "https://registry.npmjs.org/xmlbuilder/-/xmlbuilder-11.0.1.tgz",
      "integrity": "sha512-fDlsI/kFEx7gLvbecc0/ohLG50fugQp8ryHzMTuW9vSa1GJ0XYWKnhsUx7oie3G98+r56aTQIUB4kht42R3JvA==",
      "engines": {
        "node": ">=4.0"
      }
    },
    "node_modules/xmldom-ts": {
      "version": "0.3.1",
      "resolved": "https://registry.npmjs.org/xmldom-ts/-/xmldom-ts-0.3.1.tgz",
      "integrity": "sha512-dmEBAK3Msm+BPVZOiwhXCyM0/q3BeiI4eoAPj2Us1nDhsPPhePtZ5RkgEdngNQQFp3j6QFKMLHlBIRUxdpomcQ==",
      "engines": {
        "node": ">=0.1"
      }
    },
    "node_modules/xpath-ts": {
      "version": "1.3.13",
      "resolved": "https://registry.npmjs.org/xpath-ts/-/xpath-ts-1.3.13.tgz",
      "integrity": "sha512-eNVXzDWbCV9KEB6fGNQ3qHFGC9PWBH7y2h13vZ+CMPNqOTZ+fgYTG4Sb0p5bVHiAwZrzgE6/tx987003P3dYpA=="
    }
  }
}
